
Microsoft Visual Studio Solution File, Format Version 12.00
# Visual Studio Version 16
VisualStudioVersion = 16.0.31702.278
MinimumVisualStudioVersion = 10.0.40219.1
Project("{FAE04EC0-301F-11D3-BF4B-00C04F79EFBC}") = "Project XF_Products.Android", "Project XF_Products.Android\Project XF_Products.Android.csproj", "{0EB92CA7-69CE-4103-AB4A-8540C3B65629}"
EndProject
Project("{FAE04EC0-301F-11D3-BF4B-00C04F79EFBC}") = "Project XF_Products.iOS", "Project XF_Products.iOS\Project XF_Products.iOS.csproj", "{B7489116-B99E-4F18-BD5A-63CC9BDC7CF7}"
EndProject
Project("{FAE04EC0-301F-11D3-BF4B-00C04F79EFBC}") = "Project XF_Products", "Project XF_Products\Project XF_Products.csproj", "{B92F1E2C-2E7D-4EB7-AE7A-B640FD3BEFD5}"
EndProject
Global
	GlobalSection(SolutionConfigurationPlatforms) = preSolution
		Debug|Any CPU = Debug|Any CPU
		Debug|iPhone = Debug|iPhone
		Debug|iPhoneSimulator = Debug|iPhoneSimulator
		Release|Any CPU = Release|Any CPU
		Release|iPhone = Release|iPhone
		Release|iPhoneSimulator = Release|iPhoneSimulator
	EndGlobalSection
	GlobalSection(ProjectConfigurationPlatforms) = postSolution
		{0EB92CA7-69CE-4103-AB4A-8540C3B65629}.Debug|Any CPU.ActiveCfg = Debug|Any CPU
		{0EB92CA7-69CE-4103-AB4A-8540C3B65629}.Debug|Any CPU.Build.0 = Debug|Any CPU
		{0EB92CA7-69CE-4103-AB4A-8540C3B65629}.Debug|Any CPU.Deploy.0 = Debug|Any CPU
		{0EB92CA7-69CE-4103-AB4A-8540C3B65629}.Debug|iPhone.ActiveCfg = Debug|Any CPU
		{0EB92CA7-69CE-4103-AB4A-8540C3B65629}.Debug|iPhone.Build.0 = Debug|Any CPU
		{0EB92CA7-69CE-4103-AB4A-8540C3B65629}.Debug|iPhone.Deploy.0 = Debug|Any CPU
		{0EB92CA7-69CE-4103-AB4A-8540C3B65629}.Debug|iPhoneSimulator.ActiveCfg = Debug|Any CPU
		{0EB92CA7-69CE-4103-AB4A-8540C3B65629}.Debug|iPhoneSimulator.Build.0 = Debug|Any CPU
		{0EB92CA7-69CE-4103-AB4A-8540C3B65629}.Debug|iPhoneSimulator.Deploy.0 = Debug|Any CPU
		{0EB92CA7-69CE-4103-AB4A-8540C3B65629}.Release|Any CPU.ActiveCfg = Release|Any CPU
		{0EB92CA7-69CE-4103-AB4A-8540C3B65629}.Release|Any CPU.Build.0 = Release|Any CPU
		{0EB92CA7-69CE-4103-AB4A-8540C3B65629}.Release|Any CPU.Deploy.0 = Release|Any CPU
		{0EB92CA7-69CE-4103-AB4A-8540C3B65629}.Release|iPhone.ActiveCfg = Release|Any CPU
		{0EB92CA7-69CE-4103-AB4A-8540C3B65629}.Release|iPhone.Build.0 = Release|Any CPU
		{0EB92CA7-69CE-4103-AB4A-8540C3B65629}.Release|iPhone.Deploy.0 = Release|Any CPU
		{0EB92CA7-69CE-4103-AB4A-8540C3B65629}.Release|iPhoneSimulator.ActiveCfg = Release|Any CPU
		{0EB92CA7-69CE-4103-AB4A-8540C3B65629}.Release|iPhoneSimulator.Build.0 = Release|Any CPU
		{0EB92CA7-69CE-4103-AB4A-8540C3B65629}.Release|iPhoneSimulator.Deploy.0 = Release|Any CPU
		{B7489116-B99E-4F18-BD5A-63CC9BDC7CF7}.Debug|Any CPU.ActiveCfg = Debug|iPhone
		{B7489116-B99E-4F18-BD5A-63CC9BDC7CF7}.Debug|Any CPU.Build.0 = Debug|iPhone
		{B7489116-B99E-4F18-BD5A-63CC9BDC7CF7}.Debug|Any CPU.Deploy.0 = Debug|iPhone
		{B7489116-B99E-4F18-BD5A-63CC9BDC7CF7}.Debug|iPhone.ActiveCfg = Debug|iPhone
		{B7489116-B99E-4F18-BD5A-63CC9BDC7CF7}.Debug|iPhone.Build.0 = Debug|iPhone
		{B7489116-B99E-4F18-BD5A-63CC9BDC7CF7}.Debug|iPhone.Deploy.0 = Debug|iPhone
		{B7489116-B99E-4F18-BD5A-63CC9BDC7CF7}.Debug|iPhoneSimulator.ActiveCfg = Debug|iPhoneSimulator
		{B7489116-B99E-4F18-BD5A-63CC9BDC7CF7}.Debug|iPhoneSimulator.Build.0 = Debug|iPhoneSimulator
		{B7489116-B99E-4F18-BD5A-63CC9BDC7CF7}.Debug|iPhoneSimulator.Deploy.0 = Debug|iPhoneSimulator
		{B7489116-B99E-4F18-BD5A-63CC9BDC7CF7}.Release|Any CPU.ActiveCfg = Release|iPhoneSimulator
		{B7489116-B99E-4F18-BD5A-63CC9BDC7CF7}.Release|Any CPU.Build.0 = Release|iPhoneSimulator
		{B7489116-B99E-4F18-BD5A-63CC9BDC7CF7}.Release|Any CPU.Deploy.0 = Release|iPhoneSimulator
		{B7489116-B99E-4F18-BD5A-63CC9BDC7CF7}.Release|iPhone.ActiveCfg = Release|iPhone
		{B7489116-B99E-4F18-BD5A-63CC9BDC7CF7}.Release|iPhone.Build.0 = Release|iPhone
		{B7489116-B99E-4F18-BD5A-63CC9BDC7CF7}.Release|iPhone.Deploy.0 = Release|iPhone
		{B7489116-B99E-4F18-BD5A-63CC9BDC7CF7}.Release|iPhoneSimulator.ActiveCfg = Release|iPhoneSimulator
		{B7489116-B99E-4F18-BD5A-63CC9BDC7CF7}.Release|iPhoneSimulator.Build.0 = Release|iPhoneSimulator
		{B7489116-B99E-4F18-BD5A-63CC9BDC7CF7}.Release|iPhoneSimulator.Deploy.0 = Release|iPhoneSimulator
		{B92F1E2C-2E7D-4EB7-AE7A-B640FD3BEFD5}.Debug|Any CPU.ActiveCfg = Debug|Any CPU
		{B92F1E2C-2E7D-4EB7-AE7A-B640FD3BEFD5}.Debug|Any CPU.Build.0 = Debug|Any CPU
		{B92F1E2C-2E7D-4EB7-AE7A-B640FD3BEFD5}.Debug|Any CPU.Deploy.0 = Debug|Any CPU
		{B92F1E2C-2E7D-4EB7-AE7A-B640FD3BEFD5}.Debug|iPhone.ActiveCfg = Debug|Any CPU
		{B92F1E2C-2E7D-4EB7-AE7A-B640FD3BEFD5}.Debug|iPhone.Build.0 = Debug|Any CPU
		{B92F1E2C-2E7D-4EB7-AE7A-B640FD3BEFD5}.Debug|iPhone.Deploy.0 = Debug|Any CPU
		{B92F1E2C-2E7D-4EB7-AE7A-B640FD3BEFD5}.Debug|iPhoneSimulator.ActiveCfg = Debug|Any CPU
		{B92F1E2C-2E7D-4EB7-AE7A-B640FD3BEFD5}.Debug|iPhoneSimulator.Build.0 = Debug|Any CPU
		{B92F1E2C-2E7D-4EB7-AE7A-B640FD3BEFD5}.Debug|iPhoneSimulator.Deploy.0 = Debug|Any CPU
		{B92F1E2C-2E7D-4EB7-AE7A-B640FD3BEFD5}.Release|Any CPU.ActiveCfg = Release|Any CPU
		{B92F1E2C-2E7D-4EB7-AE7A-B640FD3BEFD5}.Release|Any CPU.Build.0 = Release|Any CPU
		{B92F1E2C-2E7D-4EB7-AE7A-B640FD3BEFD5}.Release|Any CPU.Deploy.0 = Release|Any CPU
		{B92F1E2C-2E7D-4EB7-AE7A-B640FD3BEFD5}.Release|iPhone.ActiveCfg = Release|Any CPU
		{B92F1E2C-2E7D-4EB7-AE7A-B640FD3BEFD5}.Release|iPhone.Build.0 = Release|Any CPU
		{B92F1E2C-2E7D-4EB7-AE7A-B640FD3BEFD5}.Release|iPhone.Deploy.0 = Release|Any CPU
		{B92F1E2C-2E7D-4EB7-AE7A-B640FD3BEFD5}.Release|iPhoneSimulator.ActiveCfg = Release|Any CPU
		{B92F1E2C-2E7D-4EB7-AE7A-B640FD3BEFD5}.Release|iPhoneSimulator.Build.0 = Release|Any CPU
		{B92F1E2C-2E7D-4EB7-AE7A-B640FD3BEFD5}.Release|iPhoneSimulator.Deploy.0 = Release|Any CPU
	EndGlobalSection
	GlobalSection(SolutionProperties) = preSolution
		HideSolutionNode = FALSE
	EndGlobalSection
	GlobalSection(ExtensibilityGlobals) = postSolution
		SolutionGuid = {10AC63CE-3E88-4D57-923F-91DD43747CA3}
	EndGlobalSection
EndGlobal
